
Microsoft Visual Studio Solution File, Format Version 12.00
# Visual Studio Version 16
VisualStudioVersion = 16.0.32510.428
MinimumVisualStudioVersion = 10.0.40219.1
Project("{8BC9CEB8-8B4A-11D0-8D11-00A0C91BC942}") = "Student Report Management System", "Student Report Management System.vcxproj", "{BE3CD7CE-34F4-4C7C-A844-7EB6FFE47560}"
EndProject
Global
	GlobalSection(SolutionConfigurationPlatforms) = preSolution
		Debug|x64 = Debug|x64
		Debug|x86 = Debug|x86
		Release|x64 = Release|x64
		Release|x86 = Release|x86
	EndGlobalSection
	GlobalSection(ProjectConfigurationPlatforms) = postSolution
		{BE3CD7CE-34F4-4C7C-A844-7EB6FFE47560}.Debug|x64.ActiveCfg = Debug|x64
		{BE3CD7CE-34F4-4C7C-A844-7EB6FFE47560}.Debug|x64.Build.0 = Debug|x64
		{BE3CD7CE-34F4-4C7C-A844-7EB6FFE47560}.Debug|x86.ActiveCfg = Debug|Win32
		{BE3CD7CE-34F4-4C7C-A844-7EB6FFE47560}.Debug|x86.Build.0 = Debug|Win32
		{BE3CD7CE-34F4-4C7C-A844-7EB6FFE47560}.Release|x64.ActiveCfg = Release|x64
		{BE3CD7CE-34F4-4C7C-A844-7EB6FFE47560}.Release|x64.Build.0 = Release|x64
		{BE3CD7CE-34F4-4C7C-A844-7EB6FFE47560}.Release|x86.ActiveCfg = Release|Win32
		{BE3CD7CE-34F4-4C7C-A844-7EB6FFE47560}.Release|x86.Build.0 = Release|Win32
	EndGlobalSection
	GlobalSection(SolutionProperties) = preSolution
		HideSolutionNode = FALSE
	EndGlobalSection
	GlobalSection(ExtensibilityGlobals) = postSolution
		SolutionGuid = {1094B503-131A-4B4F-B090-BDB0F93E59E6}
	EndGlobalSection
EndGlobal
